
Microsoft Visual Studio Solution File, Format Version 12.00
# Visual Studio Version 16
VisualStudioVersion = 16.0.29324.140
MinimumVisualStudioVersion = 10.0.40219.1
Project("{9A19103F-16F7-4668-BE54-9A1E7A4F7556}") = "Patrones_disenio", "Patrones_disenio.csproj", "{1F35FC95-8AF4-4AF8-8ECF-6AF7355B6217}"
EndProject
Project("{FAE04EC0-301F-11D3-BF4B-00C04F79EFBC}") = "Programa01_01", "..\..\..\Curso-intermedio-de-CSharp\Programa01\Programa01_01.csproj", "{5ED40386-E7BF-473B-B34A-1BEB68952A82}"
EndProject
Project("{9A19103F-16F7-4668-BE54-9A1E7A4F7556}") = "Decorador01", "..\Decorador01\Decorador01.csproj", "{7C9D4576-7569-4ECF-A8D8-59707F6E0C75}"
EndProject
Project("{9A19103F-16F7-4668-BE54-9A1E7A4F7556}") = "Patron_Proxy", "..\Patron_Proxy\Patron_Proxy.csproj", "{4E0E294A-DB3A-48E5-9902-6E0687A7D824}"
EndProject
Project("{9A19103F-16F7-4668-BE54-9A1E7A4F7556}") = "Patron_Bridge", "..\Patron_Bridge\Patron_Bridge.csproj", "{CFACAEF2-D5ED-4A7B-B9D4-753377CCA82E}"
EndProject
Project("{9A19103F-16F7-4668-BE54-9A1E7A4F7556}") = "Patron_Composite", "..\Patron_Composite\Patron_Composite.csproj", "{7C840C03-2D22-41E5-A55C-1830E74FE6E4}"
EndProject
Project("{FAE04EC0-301F-11D3-BF4B-00C04F79EFBC}") = "Composite", "..\Compiler02\Composite.csproj", "{1C3E25C4-4842-485B-B1B6-F18099A0D063}"
EndProject
Global
	GlobalSection(SolutionConfigurationPlatforms) = preSolution
		Debug|Any CPU = Debug|Any CPU
		Release|Any CPU = Release|Any CPU
	EndGlobalSection
	GlobalSection(ProjectConfigurationPlatforms) = postSolution
		{1F35FC95-8AF4-4AF8-8ECF-6AF7355B6217}.Debug|Any CPU.ActiveCfg = Debug|Any CPU
		{1F35FC95-8AF4-4AF8-8ECF-6AF7355B6217}.Debug|Any CPU.Build.0 = Debug|Any CPU
		{1F35FC95-8AF4-4AF8-8ECF-6AF7355B6217}.Release|Any CPU.ActiveCfg = Release|Any CPU
		{1F35FC95-8AF4-4AF8-8ECF-6AF7355B6217}.Release|Any CPU.Build.0 = Release|Any CPU
		{5ED40386-E7BF-473B-B34A-1BEB68952A82}.Debug|Any CPU.ActiveCfg = Debug|Any CPU
		{5ED40386-E7BF-473B-B34A-1BEB68952A82}.Debug|Any CPU.Build.0 = Debug|Any CPU
		{5ED40386-E7BF-473B-B34A-1BEB68952A82}.Release|Any CPU.ActiveCfg = Release|Any CPU
		{5ED40386-E7BF-473B-B34A-1BEB68952A82}.Release|Any CPU.Build.0 = Release|Any CPU
		{7C9D4576-7569-4ECF-A8D8-59707F6E0C75}.Debug|Any CPU.ActiveCfg = Debug|Any CPU
		{7C9D4576-7569-4ECF-A8D8-59707F6E0C75}.Debug|Any CPU.Build.0 = Debug|Any CPU
		{7C9D4576-7569-4ECF-A8D8-59707F6E0C75}.Release|Any CPU.ActiveCfg = Release|Any CPU
		{7C9D4576-7569-4ECF-A8D8-59707F6E0C75}.Release|Any CPU.Build.0 = Release|Any CPU
		{4E0E294A-DB3A-48E5-9902-6E0687A7D824}.Debug|Any CPU.ActiveCfg = Debug|Any CPU
		{4E0E294A-DB3A-48E5-9902-6E0687A7D824}.Debug|Any CPU.Build.0 = Debug|Any CPU
		{4E0E294A-DB3A-48E5-9902-6E0687A7D824}.Release|Any CPU.ActiveCfg = Release|Any CPU
		{4E0E294A-DB3A-48E5-9902-6E0687A7D824}.Release|Any CPU.Build.0 = Release|Any CPU
		{CFACAEF2-D5ED-4A7B-B9D4-753377CCA82E}.Debug|Any CPU.ActiveCfg = Debug|Any CPU
		{CFACAEF2-D5ED-4A7B-B9D4-753377CCA82E}.Debug|Any CPU.Build.0 = Debug|Any CPU
		{CFACAEF2-D5ED-4A7B-B9D4-753377CCA82E}.Release|Any CPU.ActiveCfg = Release|Any CPU
		{CFACAEF2-D5ED-4A7B-B9D4-753377CCA82E}.Release|Any CPU.Build.0 = Release|Any CPU
		{7C840C03-2D22-41E5-A55C-1830E74FE6E4}.Debug|Any CPU.ActiveCfg = Debug|Any CPU
		{7C840C03-2D22-41E5-A55C-1830E74FE6E4}.Debug|Any CPU.Build.0 = Debug|Any CPU
		{7C840C03-2D22-41E5-A55C-1830E74FE6E4}.Release|Any CPU.ActiveCfg = Release|Any CPU
		{7C840C03-2D22-41E5-A55C-1830E74FE6E4}.Release|Any CPU.Build.0 = Release|Any CPU
		{1C3E25C4-4842-485B-B1B6-F18099A0D063}.Debug|Any CPU.ActiveCfg = Debug|Any CPU
		{1C3E25C4-4842-485B-B1B6-F18099A0D063}.Debug|Any CPU.Build.0 = Debug|Any CPU
		{1C3E25C4-4842-485B-B1B6-F18099A0D063}.Release|Any CPU.ActiveCfg = Release|Any CPU
		{1C3E25C4-4842-485B-B1B6-F18099A0D063}.Release|Any CPU.Build.0 = Release|Any CPU
	EndGlobalSection
	GlobalSection(SolutionProperties) = preSolution
		HideSolutionNode = FALSE
	EndGlobalSection
	GlobalSection(ExtensibilityGlobals) = postSolution
		SolutionGuid = {83D5646A-8866-41E5-9544-4AED3133ADD1}
	EndGlobalSection
EndGlobal
